
Microsoft Visual Studio Solution File, Format Version 12.00
# Visual Studio 15
VisualStudioVersion = 15.0.28307.645
MinimumVisualStudioVersion = 10.0.40219.1
Project("{FAE04EC0-301F-11D3-BF4B-00C04F79EFBC}") = "CodeMagic.UI.Images", "..\Source\CodeMagic.UI.Images\CodeMagic.UI.Images.csproj", "{C5A8EE43-BC81-4E88-B990-D2AE962C3205}"
EndProject
Project("{FAE04EC0-301F-11D3-BF4B-00C04F79EFBC}") = "SymbolsImageEditor", "SymbolsImageEditor\SymbolsImageEditor.csproj", "{2D8D2AD1-BFF9-4C4D-AC0A-F232D5A6C51B}"
EndProject
Project("{FAE04EC0-301F-11D3-BF4B-00C04F79EFBC}") = "CodeMagic.UI.Sad.Common", "..\Source\CodeMagic.UI.Sad.Common\CodeMagic.UI.Sad.Common.csproj", "{30048299-507D-4591-B6CA-18D247AE5CF1}"
EndProject
Global
	GlobalSection(SolutionConfigurationPlatforms) = preSolution
		Debug|Any CPU = Debug|Any CPU
		Release|Any CPU = Release|Any CPU
	EndGlobalSection
	GlobalSection(ProjectConfigurationPlatforms) = postSolution
		{C5A8EE43-BC81-4E88-B990-D2AE962C3205}.Debug|Any CPU.ActiveCfg = Debug|Any CPU
		{C5A8EE43-BC81-4E88-B990-D2AE962C3205}.Debug|Any CPU.Build.0 = Debug|Any CPU
		{C5A8EE43-BC81-4E88-B990-D2AE962C3205}.Release|Any CPU.ActiveCfg = Release|Any CPU
		{C5A8EE43-BC81-4E88-B990-D2AE962C3205}.Release|Any CPU.Build.0 = Release|Any CPU
		{2D8D2AD1-BFF9-4C4D-AC0A-F232D5A6C51B}.Debug|Any CPU.ActiveCfg = Debug|Any CPU
		{2D8D2AD1-BFF9-4C4D-AC0A-F232D5A6C51B}.Debug|Any CPU.Build.0 = Debug|Any CPU
		{2D8D2AD1-BFF9-4C4D-AC0A-F232D5A6C51B}.Release|Any CPU.ActiveCfg = Release|Any CPU
		{2D8D2AD1-BFF9-4C4D-AC0A-F232D5A6C51B}.Release|Any CPU.Build.0 = Release|Any CPU
		{30048299-507D-4591-B6CA-18D247AE5CF1}.Debug|Any CPU.ActiveCfg = Debug|Any CPU
		{30048299-507D-4591-B6CA-18D247AE5CF1}.Debug|Any CPU.Build.0 = Debug|Any CPU
		{30048299-507D-4591-B6CA-18D247AE5CF1}.Release|Any CPU.ActiveCfg = Release|Any CPU
		{30048299-507D-4591-B6CA-18D247AE5CF1}.Release|Any CPU.Build.0 = Release|Any CPU
	EndGlobalSection
	GlobalSection(SolutionProperties) = preSolution
		HideSolutionNode = FALSE
	EndGlobalSection
	GlobalSection(ExtensibilityGlobals) = postSolution
		SolutionGuid = {73C4B8A8-17C3-4507-874B-A462EC72B729}
	EndGlobalSection
EndGlobal
