
Microsoft Visual Studio Solution File, Format Version 12.00
# Visual Studio Version 16
VisualStudioVersion = 16.0.29911.84
MinimumVisualStudioVersion = 10.0.40219.1
Project("{2150E333-8FDC-42A3-9474-1A3956D46DE8}") = "Tests", "Tests", "{760CD6FD-9541-47FD-9978-7B683ED43AA0}"
EndProject
Project("{9A19103F-16F7-4668-BE54-9A1E7A4F7556}") = "CodeMagic.Core.Tests", "CodeMagic.Core.Tests\CodeMagic.Core.Tests.csproj", "{905F6EDB-4CC0-4044-A422-78F1E36C963C}"
EndProject
Project("{9A19103F-16F7-4668-BE54-9A1E7A4F7556}") = "CodeMagic.UI.Sad.Common", "CodeMagic.UI.Sad.Common\CodeMagic.UI.Sad.Common.csproj", "{F0051CA4-B219-4C40-BEB3-359A95DCC426}"
EndProject
Project("{9A19103F-16F7-4668-BE54-9A1E7A4F7556}") = "CodeMagic.UI.Sad", "CodeMagic.UI.Sad\CodeMagic.UI.Sad.csproj", "{6348983D-1F62-4E2D-88C7-1575F6EB6C28}"
EndProject
Project("{9A19103F-16F7-4668-BE54-9A1E7A4F7556}") = "CodeMagic.Core", "CodeMagic.Core\CodeMagic.Core.csproj", "{F6631781-1886-47A3-A223-93B575615A0D}"
EndProject
Project("{9A19103F-16F7-4668-BE54-9A1E7A4F7556}") = "CodeMagic.Game", "CodeMagic.Game\CodeMagic.Game.csproj", "{9931C445-4660-49A4-B7BA-EE09E3FE22B9}"
EndProject
Project("{9A19103F-16F7-4668-BE54-9A1E7A4F7556}") = "CodeMagic.UI.Images", "CodeMagic.UI.Images\CodeMagic.UI.Images.csproj", "{8D893FA3-EF08-402B-A449-A7A177E72063}"
EndProject
Project("{9A19103F-16F7-4668-BE54-9A1E7A4F7556}") = "CodeMagic.Configuration.Xml", "CodeMagic.Configuration.Xml\CodeMagic.Configuration.Xml.csproj", "{A0B37CE4-6C21-4911-A685-DC09E4963563}"
EndProject
Project("{9A19103F-16F7-4668-BE54-9A1E7A4F7556}") = "CodeMagic.UI", "CodeMagic.UI\CodeMagic.UI.csproj", "{AAF2FBFC-6770-4BAE-96C1-FEC6743BB44D}"
EndProject
Project("{9A19103F-16F7-4668-BE54-9A1E7A4F7556}") = "CodeMagic.UI.Mono", "CodeMagic.UI.Mono\CodeMagic.UI.Mono.csproj", "{2CF24242-C7F5-4033-9E29-2AC7D9700D8D}"
EndProject
Project("{FAE04EC0-301F-11D3-BF4B-00C04F79EFBC}") = "CodeMagic.UI.Mono.Extension", "CodeMagic.UI.Mono.Extension\CodeMagic.UI.Mono.Extension.csproj", "{C7F1D4E8-982E-4EDF-A538-0C0A679BA513}"
EndProject
Project("{FAE04EC0-301F-11D3-BF4B-00C04F79EFBC}") = "CodeMagic.UI.Mono.Extension.Tests", "CodeMagic.UI.Mono.Extension.Tests\CodeMagic.UI.Mono.Extension.Tests.csproj", "{B87860D5-1AEE-4D90-84C6-F713EC9240DA}"
EndProject
Global
	GlobalSection(SolutionConfigurationPlatforms) = preSolution
		Debug|Any CPU = Debug|Any CPU
		Release|Any CPU = Release|Any CPU
	EndGlobalSection
	GlobalSection(ProjectConfigurationPlatforms) = postSolution
		{905F6EDB-4CC0-4044-A422-78F1E36C963C}.Debug|Any CPU.ActiveCfg = Debug|Any CPU
		{905F6EDB-4CC0-4044-A422-78F1E36C963C}.Debug|Any CPU.Build.0 = Debug|Any CPU
		{905F6EDB-4CC0-4044-A422-78F1E36C963C}.Release|Any CPU.ActiveCfg = Release|Any CPU
		{905F6EDB-4CC0-4044-A422-78F1E36C963C}.Release|Any CPU.Build.0 = Release|Any CPU
		{F0051CA4-B219-4C40-BEB3-359A95DCC426}.Debug|Any CPU.ActiveCfg = Debug|Any CPU
		{F0051CA4-B219-4C40-BEB3-359A95DCC426}.Debug|Any CPU.Build.0 = Debug|Any CPU
		{F0051CA4-B219-4C40-BEB3-359A95DCC426}.Release|Any CPU.ActiveCfg = Release|Any CPU
		{F0051CA4-B219-4C40-BEB3-359A95DCC426}.Release|Any CPU.Build.0 = Release|Any CPU
		{6348983D-1F62-4E2D-88C7-1575F6EB6C28}.Debug|Any CPU.ActiveCfg = Debug|Any CPU
		{6348983D-1F62-4E2D-88C7-1575F6EB6C28}.Debug|Any CPU.Build.0 = Debug|Any CPU
		{6348983D-1F62-4E2D-88C7-1575F6EB6C28}.Release|Any CPU.ActiveCfg = Release|Any CPU
		{6348983D-1F62-4E2D-88C7-1575F6EB6C28}.Release|Any CPU.Build.0 = Release|Any CPU
		{F6631781-1886-47A3-A223-93B575615A0D}.Debug|Any CPU.ActiveCfg = Debug|Any CPU
		{F6631781-1886-47A3-A223-93B575615A0D}.Debug|Any CPU.Build.0 = Debug|Any CPU
		{F6631781-1886-47A3-A223-93B575615A0D}.Release|Any CPU.ActiveCfg = Release|Any CPU
		{F6631781-1886-47A3-A223-93B575615A0D}.Release|Any CPU.Build.0 = Release|Any CPU
		{9931C445-4660-49A4-B7BA-EE09E3FE22B9}.Debug|Any CPU.ActiveCfg = Debug|Any CPU
		{9931C445-4660-49A4-B7BA-EE09E3FE22B9}.Debug|Any CPU.Build.0 = Debug|Any CPU
		{9931C445-4660-49A4-B7BA-EE09E3FE22B9}.Release|Any CPU.ActiveCfg = Release|Any CPU
		{9931C445-4660-49A4-B7BA-EE09E3FE22B9}.Release|Any CPU.Build.0 = Release|Any CPU
		{8D893FA3-EF08-402B-A449-A7A177E72063}.Debug|Any CPU.ActiveCfg = Debug|Any CPU
		{8D893FA3-EF08-402B-A449-A7A177E72063}.Debug|Any CPU.Build.0 = Debug|Any CPU
		{8D893FA3-EF08-402B-A449-A7A177E72063}.Release|Any CPU.ActiveCfg = Release|Any CPU
		{8D893FA3-EF08-402B-A449-A7A177E72063}.Release|Any CPU.Build.0 = Release|Any CPU
		{A0B37CE4-6C21-4911-A685-DC09E4963563}.Debug|Any CPU.ActiveCfg = Debug|Any CPU
		{A0B37CE4-6C21-4911-A685-DC09E4963563}.Debug|Any CPU.Build.0 = Debug|Any CPU
		{A0B37CE4-6C21-4911-A685-DC09E4963563}.Release|Any CPU.ActiveCfg = Release|Any CPU
		{A0B37CE4-6C21-4911-A685-DC09E4963563}.Release|Any CPU.Build.0 = Release|Any CPU
		{AAF2FBFC-6770-4BAE-96C1-FEC6743BB44D}.Debug|Any CPU.ActiveCfg = Debug|Any CPU
		{AAF2FBFC-6770-4BAE-96C1-FEC6743BB44D}.Debug|Any CPU.Build.0 = Debug|Any CPU
		{AAF2FBFC-6770-4BAE-96C1-FEC6743BB44D}.Release|Any CPU.ActiveCfg = Release|Any CPU
		{AAF2FBFC-6770-4BAE-96C1-FEC6743BB44D}.Release|Any CPU.Build.0 = Release|Any CPU
		{2CF24242-C7F5-4033-9E29-2AC7D9700D8D}.Debug|Any CPU.ActiveCfg = Debug|Any CPU
		{2CF24242-C7F5-4033-9E29-2AC7D9700D8D}.Debug|Any CPU.Build.0 = Debug|Any CPU
		{2CF24242-C7F5-4033-9E29-2AC7D9700D8D}.Release|Any CPU.ActiveCfg = Release|Any CPU
		{2CF24242-C7F5-4033-9E29-2AC7D9700D8D}.Release|Any CPU.Build.0 = Release|Any CPU
		{C7F1D4E8-982E-4EDF-A538-0C0A679BA513}.Debug|Any CPU.ActiveCfg = Debug|Any CPU
		{C7F1D4E8-982E-4EDF-A538-0C0A679BA513}.Debug|Any CPU.Build.0 = Debug|Any CPU
		{C7F1D4E8-982E-4EDF-A538-0C0A679BA513}.Release|Any CPU.ActiveCfg = Release|Any CPU
		{C7F1D4E8-982E-4EDF-A538-0C0A679BA513}.Release|Any CPU.Build.0 = Release|Any CPU
		{B87860D5-1AEE-4D90-84C6-F713EC9240DA}.Debug|Any CPU.ActiveCfg = Debug|Any CPU
		{B87860D5-1AEE-4D90-84C6-F713EC9240DA}.Debug|Any CPU.Build.0 = Debug|Any CPU
		{B87860D5-1AEE-4D90-84C6-F713EC9240DA}.Release|Any CPU.ActiveCfg = Release|Any CPU
		{B87860D5-1AEE-4D90-84C6-F713EC9240DA}.Release|Any CPU.Build.0 = Release|Any CPU
	EndGlobalSection
	GlobalSection(SolutionProperties) = preSolution
		HideSolutionNode = FALSE
	EndGlobalSection
	GlobalSection(NestedProjects) = preSolution
		{905F6EDB-4CC0-4044-A422-78F1E36C963C} = {760CD6FD-9541-47FD-9978-7B683ED43AA0}
		{B87860D5-1AEE-4D90-84C6-F713EC9240DA} = {760CD6FD-9541-47FD-9978-7B683ED43AA0}
	EndGlobalSection
	GlobalSection(ExtensibilityGlobals) = postSolution
		SolutionGuid = {662A9124-7E0E-492A-B405-C1C9896E2250}
	EndGlobalSection
EndGlobal
